
Microsoft Visual Studio Solution File, Format Version 12.00
# Visual Studio 15
VisualStudioVersion = 15.0.28010.2048
MinimumVisualStudioVersion = 10.0.40219.1
Project("{9A19103F-16F7-4668-BE54-9A1E7A4F7556}") = "Task1", "Task1\Task1.csproj", "{51EDC29E-E7B4-46DC-88F1-35E21C9646C5}"
EndProject
Project("{9A19103F-16F7-4668-BE54-9A1E7A4F7556}") = "Task2", "Task2\Task2.csproj", "{7611ACC1-8627-49F4-AA47-7982A9DC5DBD}"
EndProject
Project("{9A19103F-16F7-4668-BE54-9A1E7A4F7556}") = "Task3", "Task3\Task3.csproj", "{80908EEF-2444-4D7E-B973-613B1F959126}"
EndProject
Project("{9A19103F-16F7-4668-BE54-9A1E7A4F7556}") = "Task4", "Task4\Task4.csproj", "{A6FFF30D-1E58-47C4-8581-F11B31D788C9}"
EndProject
Project("{9A19103F-16F7-4668-BE54-9A1E7A4F7556}") = "Task5", "Task5\Task5.csproj", "{59402D00-707C-42D2-949B-C7BC5344C682}"
EndProject
Project("{9A19103F-16F7-4668-BE54-9A1E7A4F7556}") = "Task6", "Task6\Task6.csproj", "{7DE857C6-2CC9-4F8E-8A73-0238EE00B098}"
EndProject
Project("{9A19103F-16F7-4668-BE54-9A1E7A4F7556}") = "Task7", "Task7\Task7.csproj", "{7E755644-A3B9-4D8E-8C27-172FE8BCE1D9}"
EndProject
Project("{9A19103F-16F7-4668-BE54-9A1E7A4F7556}") = "Task8", "Task8\Task8.csproj", "{C31B7562-2E19-48AD-8FB6-14F25648C8A4}"
EndProject
Project("{9A19103F-16F7-4668-BE54-9A1E7A4F7556}") = "Task9", "Task9\Task9.csproj", "{500C110C-D92F-4AE0-8D99-317E55F182D0}"
EndProject
Project("{9A19103F-16F7-4668-BE54-9A1E7A4F7556}") = "Task10", "Task10\Task10.csproj", "{04240FD8-4743-4556-8A4C-99E746D09707}"
EndProject
Project("{9A19103F-16F7-4668-BE54-9A1E7A4F7556}") = "Task11", "Task11\Task11.csproj", "{C60655A7-E0F1-4146-959B-572BF767A831}"
EndProject
Project("{9A19103F-16F7-4668-BE54-9A1E7A4F7556}") = "Task12", "Task12\Task12.csproj", "{FFEC7F9A-71E8-45FC-811F-2BC32E2C3CEF}"
EndProject
Project("{FAE04EC0-301F-11D3-BF4B-00C04F79EFBC}") = "Task13", "Task13\Task13.csproj", "{40C4B329-BCD3-46B9-A26A-3E1E6E63C9B0}"
EndProject
Global
	GlobalSection(SolutionConfigurationPlatforms) = preSolution
		Debug|Any CPU = Debug|Any CPU
		Release|Any CPU = Release|Any CPU
	EndGlobalSection
	GlobalSection(ProjectConfigurationPlatforms) = postSolution
		{51EDC29E-E7B4-46DC-88F1-35E21C9646C5}.Debug|Any CPU.ActiveCfg = Debug|Any CPU
		{51EDC29E-E7B4-46DC-88F1-35E21C9646C5}.Debug|Any CPU.Build.0 = Debug|Any CPU
		{51EDC29E-E7B4-46DC-88F1-35E21C9646C5}.Release|Any CPU.ActiveCfg = Release|Any CPU
		{51EDC29E-E7B4-46DC-88F1-35E21C9646C5}.Release|Any CPU.Build.0 = Release|Any CPU
		{7611ACC1-8627-49F4-AA47-7982A9DC5DBD}.Debug|Any CPU.ActiveCfg = Debug|Any CPU
		{7611ACC1-8627-49F4-AA47-7982A9DC5DBD}.Debug|Any CPU.Build.0 = Debug|Any CPU
		{7611ACC1-8627-49F4-AA47-7982A9DC5DBD}.Release|Any CPU.ActiveCfg = Release|Any CPU
		{7611ACC1-8627-49F4-AA47-7982A9DC5DBD}.Release|Any CPU.Build.0 = Release|Any CPU
		{80908EEF-2444-4D7E-B973-613B1F959126}.Debug|Any CPU.ActiveCfg = Debug|Any CPU
		{80908EEF-2444-4D7E-B973-613B1F959126}.Debug|Any CPU.Build.0 = Debug|Any CPU
		{80908EEF-2444-4D7E-B973-613B1F959126}.Release|Any CPU.ActiveCfg = Release|Any CPU
		{80908EEF-2444-4D7E-B973-613B1F959126}.Release|Any CPU.Build.0 = Release|Any CPU
		{A6FFF30D-1E58-47C4-8581-F11B31D788C9}.Debug|Any CPU.ActiveCfg = Debug|Any CPU
		{A6FFF30D-1E58-47C4-8581-F11B31D788C9}.Debug|Any CPU.Build.0 = Debug|Any CPU
		{A6FFF30D-1E58-47C4-8581-F11B31D788C9}.Release|Any CPU.ActiveCfg = Release|Any CPU
		{A6FFF30D-1E58-47C4-8581-F11B31D788C9}.Release|Any CPU.Build.0 = Release|Any CPU
		{59402D00-707C-42D2-949B-C7BC5344C682}.Debug|Any CPU.ActiveCfg = Debug|Any CPU
		{59402D00-707C-42D2-949B-C7BC5344C682}.Debug|Any CPU.Build.0 = Debug|Any CPU
		{59402D00-707C-42D2-949B-C7BC5344C682}.Release|Any CPU.ActiveCfg = Release|Any CPU
		{59402D00-707C-42D2-949B-C7BC5344C682}.Release|Any CPU.Build.0 = Release|Any CPU
		{7DE857C6-2CC9-4F8E-8A73-0238EE00B098}.Debug|Any CPU.ActiveCfg = Debug|Any CPU
		{7DE857C6-2CC9-4F8E-8A73-0238EE00B098}.Debug|Any CPU.Build.0 = Debug|Any CPU
		{7DE857C6-2CC9-4F8E-8A73-0238EE00B098}.Release|Any CPU.ActiveCfg = Release|Any CPU
		{7DE857C6-2CC9-4F8E-8A73-0238EE00B098}.Release|Any CPU.Build.0 = Release|Any CPU
		{7E755644-A3B9-4D8E-8C27-172FE8BCE1D9}.Debug|Any CPU.ActiveCfg = Debug|Any CPU
		{7E755644-A3B9-4D8E-8C27-172FE8BCE1D9}.Debug|Any CPU.Build.0 = Debug|Any CPU
		{7E755644-A3B9-4D8E-8C27-172FE8BCE1D9}.Release|Any CPU.ActiveCfg = Release|Any CPU
		{7E755644-A3B9-4D8E-8C27-172FE8BCE1D9}.Release|Any CPU.Build.0 = Release|Any CPU
		{C31B7562-2E19-48AD-8FB6-14F25648C8A4}.Debug|Any CPU.ActiveCfg = Debug|Any CPU
		{C31B7562-2E19-48AD-8FB6-14F25648C8A4}.Debug|Any CPU.Build.0 = Debug|Any CPU
		{C31B7562-2E19-48AD-8FB6-14F25648C8A4}.Release|Any CPU.ActiveCfg = Release|Any CPU
		{C31B7562-2E19-48AD-8FB6-14F25648C8A4}.Release|Any CPU.Build.0 = Release|Any CPU
		{500C110C-D92F-4AE0-8D99-317E55F182D0}.Debug|Any CPU.ActiveCfg = Debug|Any CPU
		{500C110C-D92F-4AE0-8D99-317E55F182D0}.Debug|Any CPU.Build.0 = Debug|Any CPU
		{500C110C-D92F-4AE0-8D99-317E55F182D0}.Release|Any CPU.ActiveCfg = Release|Any CPU
		{500C110C-D92F-4AE0-8D99-317E55F182D0}.Release|Any CPU.Build.0 = Release|Any CPU
		{04240FD8-4743-4556-8A4C-99E746D09707}.Debug|Any CPU.ActiveCfg = Debug|Any CPU
		{04240FD8-4743-4556-8A4C-99E746D09707}.Debug|Any CPU.Build.0 = Debug|Any CPU
		{04240FD8-4743-4556-8A4C-99E746D09707}.Release|Any CPU.ActiveCfg = Release|Any CPU
		{04240FD8-4743-4556-8A4C-99E746D09707}.Release|Any CPU.Build.0 = Release|Any CPU
		{C60655A7-E0F1-4146-959B-572BF767A831}.Debug|Any CPU.ActiveCfg = Debug|Any CPU
		{C60655A7-E0F1-4146-959B-572BF767A831}.Debug|Any CPU.Build.0 = Debug|Any CPU
		{C60655A7-E0F1-4146-959B-572BF767A831}.Release|Any CPU.ActiveCfg = Release|Any CPU
		{C60655A7-E0F1-4146-959B-572BF767A831}.Release|Any CPU.Build.0 = Release|Any CPU
		{FFEC7F9A-71E8-45FC-811F-2BC32E2C3CEF}.Debug|Any CPU.ActiveCfg = Debug|Any CPU
		{FFEC7F9A-71E8-45FC-811F-2BC32E2C3CEF}.Debug|Any CPU.Build.0 = Debug|Any CPU
		{FFEC7F9A-71E8-45FC-811F-2BC32E2C3CEF}.Release|Any CPU.ActiveCfg = Release|Any CPU
		{FFEC7F9A-71E8-45FC-811F-2BC32E2C3CEF}.Release|Any CPU.Build.0 = Release|Any CPU
		{40C4B329-BCD3-46B9-A26A-3E1E6E63C9B0}.Debug|Any CPU.ActiveCfg = Debug|Any CPU
		{40C4B329-BCD3-46B9-A26A-3E1E6E63C9B0}.Debug|Any CPU.Build.0 = Debug|Any CPU
		{40C4B329-BCD3-46B9-A26A-3E1E6E63C9B0}.Release|Any CPU.ActiveCfg = Release|Any CPU
		{40C4B329-BCD3-46B9-A26A-3E1E6E63C9B0}.Release|Any CPU.Build.0 = Release|Any CPU
	EndGlobalSection
	GlobalSection(SolutionProperties) = preSolution
		HideSolutionNode = FALSE
	EndGlobalSection
	GlobalSection(ExtensibilityGlobals) = postSolution
		SolutionGuid = {F97F0B4A-84F7-4B89-A4E3-D12489FB691F}
	EndGlobalSection
EndGlobal
